
Microsoft Visual Studio Solution File, Format Version 12.00
# Visual Studio Version 16
VisualStudioVersion = 16.0.29418.71
MinimumVisualStudioVersion = 10.0.40219.1
Project("{9A19103F-16F7-4668-BE54-9A1E7A4F7556}") = "UnloadAssembly", "UnloadAssembly\UnloadAssembly.csproj", "{44CF3D92-151E-442D-9A1D-4698AA052921}"
EndProject
Project("{FAE04EC0-301F-11D3-BF4B-00C04F79EFBC}") = "ClassLibrary1", "ClassLibrary1\ClassLibrary1.csproj", "{814F0F6E-595B-4CB1-8A0B-B9845D9A6B02}"
EndProject
Global
	GlobalSection(SolutionConfigurationPlatforms) = preSolution
		Debug|Any CPU = Debug|Any CPU
		Release|Any CPU = Release|Any CPU
	EndGlobalSection
	GlobalSection(ProjectConfigurationPlatforms) = postSolution
		{44CF3D92-151E-442D-9A1D-4698AA052921}.Debug|Any CPU.ActiveCfg = Debug|Any CPU
		{44CF3D92-151E-442D-9A1D-4698AA052921}.Debug|Any CPU.Build.0 = Debug|Any CPU
		{44CF3D92-151E-442D-9A1D-4698AA052921}.Release|Any CPU.ActiveCfg = Release|Any CPU
		{44CF3D92-151E-442D-9A1D-4698AA052921}.Release|Any CPU.Build.0 = Release|Any CPU
		{814F0F6E-595B-4CB1-8A0B-B9845D9A6B02}.Debug|Any CPU.ActiveCfg = Debug|Any CPU
		{814F0F6E-595B-4CB1-8A0B-B9845D9A6B02}.Debug|Any CPU.Build.0 = Debug|Any CPU
		{814F0F6E-595B-4CB1-8A0B-B9845D9A6B02}.Release|Any CPU.ActiveCfg = Release|Any CPU
		{814F0F6E-595B-4CB1-8A0B-B9845D9A6B02}.Release|Any CPU.Build.0 = Release|Any CPU
	EndGlobalSection
	GlobalSection(SolutionProperties) = preSolution
		HideSolutionNode = FALSE
	EndGlobalSection
	GlobalSection(ExtensibilityGlobals) = postSolution
		SolutionGuid = {9148A3BF-AFAA-4065-B179-AB4FF8C529EF}
	EndGlobalSection
EndGlobal
